PODS:
  - RxCocoa (2.6.0):
    - RxSwift (~> 2.5)
  - RxGesture (0.1.6):
    - RxCocoa (~> 2.5)
  - RxSwift (2.6.0)

DEPENDENCIES:
  - RxGesture (from `../`)

EXTERNAL SOURCES:
  RxGesture:
    :path: ../

SPEC CHECKSUMS:
  RxCocoa: 89ab00d5753502520227940e3a0e0a0413683c6b
  RxGesture: c547ec083f06eef4a0e7ebae3a1a054e8bce7b8b
  RxSwift: 77f3a0b15324baa7a1c9bfa9f199648a82424e26

PODFILE CHECKSUM: fbc86a0084d4306d22fe5cea0f04297325d5e478

COCOAPODS: 1.1.0.rc.2
